
Microsoft Visual Studio Solution File, Format Version 12.00
# Visual Studio Version 17
VisualStudioVersion = 17.11.35303.130
MinimumVisualStudioVersion = 10.0.40219.1
Project("{FAE04EC0-301F-11D3-BF4B-00C04F79EFBC}") = "MemeoryGame", "MemeoryGame\MemeoryGame.csproj", "{5D611700-7A2B-4AAE-AF9F-58782450DD11}"
EndProject
Global
	GlobalSection(SolutionConfigurationPlatforms) = preSolution
		Debug|Any CPU = Debug|Any CPU
		Release|Any CPU = Release|Any CPU
	EndGlobalSection
	GlobalSection(ProjectConfigurationPlatforms) = postSolution
		{5D611700-7A2B-4AAE-AF9F-58782450DD11}.Debug|Any CPU.ActiveCfg = Debug|Any CPU
		{5D611700-7A2B-4AAE-AF9F-58782450DD11}.Debug|Any CPU.Build.0 = Debug|Any CPU
		{5D611700-7A2B-4AAE-AF9F-58782450DD11}.Release|Any CPU.ActiveCfg = Release|Any CPU
		{5D611700-7A2B-4AAE-AF9F-58782450DD11}.Release|Any CPU.Build.0 = Release|Any CPU
	EndGlobalSection
	GlobalSection(SolutionProperties) = preSolution
		HideSolutionNode = FALSE
	EndGlobalSection
	GlobalSection(ExtensibilityGlobals) = postSolution
		SolutionGuid = {DC9B6A98-976A-4590-BBFB-B02E6268EAE6}
	EndGlobalSection
EndGlobal
